// !$*UTF8*$!
{
	archiveVersion = 1;
	classes = {
	};
	objectVersion = 46;
	objects = {

/* Begin PBXBuildFile section */
		000BDEEC19BF7D6A00078456 /* triangle2.png in Resources */ = {isa = PBXBuildFile; fileRef = 000BDEEB19BF7D6A00078456 /* triangle2.png */; };
		0010FF2619FEC1B5005E74C1 /* reflect_number_0.pdf in Resources */ = {isa = PBXBuildFile; fileRef = 0010FF2419FEC1B5005E74C1 /* reflect_number_0.pdf */; };
		0010FF2719FEC1B5005E74C1 /* reflect_number_1.pdf in Resources */ = {isa = PBXBuildFile; fileRef = 0010FF2519FEC1B5005E74C1 /* reflect_number_1.pdf */; };
		001B2B2D19D3CA0C0057A22E /* Groove.xcdatamodeld in Sources */ = {isa = PBXBuildFile; fileRef = 001B2B2B19D3CA0C0057A22E /* Groove.xcdatamodeld */; };
		001B2B3019D3CF190057A22E /* DbConfig.m in Sources */ = {isa = PBXBuildFile; fileRef = 001B2B2F19D3CF190057A22E /* DbConfig.m */; };
		001B2B3D19D4106A0057A22E /* TempoList.m in Sources */ = {isa = PBXBuildFile; fileRef = 001B2B3C19D4106A0057A22E /* TempoList.m */; };
		001F01191A05511300189941 /* IssueAndInfo.txt in Resources */ = {isa = PBXBuildFile; fileRef = 001F01181A05511300189941 /* IssueAndInfo.txt */; };
		001F011B1A05679D00189941 /* iAd.framework in Frameworks */ = {isa = PBXBuildFile; fileRef = 001F011A1A05679D00189941 /* iAd.framework */; };
		0036173D19D5CC9900848A35 /* loop.png in Resources */ = {isa = PBXBuildFile; fileRef = 0036173C19D5CC9900848A35 /* loop.png */; };
		0036174519D5E2DA00848A35 /* TempoCell.m in Sources */ = {isa = PBXBuildFile; fileRef = 0036174419D5E2DA00848A35 /* TempoCell.m */; };
		003A56A219D3284600747EB3 /* TimeSignatureType.m in Sources */ = {isa = PBXBuildFile; fileRef = 003A56A119D3284600747EB3 /* TimeSignatureType.m */; };
		003A56A919D3293A00747EB3 /* MetronomeModel.m in Sources */ = {isa = PBXBuildFile; fileRef = 003A56A819D3293A00747EB3 /* MetronomeModel.m */; };
		004BE63E19B2DDC7002CD995 /* Foundation.framework in Frameworks */ = {isa = PBXBuildFile; fileRef = 004BE63D19B2DDC7002CD995 /* Foundation.framework */; };
		004BE64019B2DDC7002CD995 /* CoreGraphics.framework in Frameworks */ = {isa = PBXBuildFile; fileRef = 004BE63F19B2DDC7002CD995 /* CoreGraphics.framework */; };
		004BE64219B2DDC7002CD995 /* UIKit.framework in Frameworks */ = {isa = PBXBuildFile; fileRef = 004BE64119B2DDC7002CD995 /* UIKit.framework */; };
		004BE64419B2DDC7002CD995 /* CoreData.framework in Frameworks */ = {isa = PBXBuildFile; fileRef = 004BE64319B2DDC7002CD995 /* CoreData.framework */; };
		004BE64A19B2DDC7002CD995 /* InfoPlist.strings in Resources */ = {isa = PBXBuildFile; fileRef = 004BE64819B2DDC7002CD995 /* InfoPlist.strings */; };
		004BE64C19B2DDC8002CD995 /* main.m in Sources */ = {isa = PBXBuildFile; fileRef = 004BE64B19B2DDC7002CD995 /* main.m */; };
		004BE65019B2DDC8002CD995 /* AppDelegate.m in Sources */ = {isa = PBXBuildFile; fileRef = 004BE64F19B2DDC8002CD995 /* AppDelegate.m */; };
		004BE65519B2DDC8002CD995 /* Images.xcassets in Resources */ = {isa = PBXBuildFile; fileRef = 004BE65419B2DDC8002CD995 /* Images.xcassets */; };
		004BE65C19B2DDC8002CD995 /* XCTest.framework in Frameworks */ = {isa = PBXBuildFile; fileRef = 004BE65B19B2DDC8002CD995 /* XCTest.framework */; };
		004BE65D19B2DDC8002CD995 /* Foundation.framework in Frameworks */ = {isa = PBXBuildFile; fileRef = 004BE63D19B2DDC7002CD995 /* Foundation.framework */; };
		004BE65E19B2DDC8002CD995 /* UIKit.framework in Frameworks */ = {isa = PBXBuildFile; fileRef = 004BE64119B2DDC7002CD995 /* UIKit.framework */; };
		004BE65F19B2DDC8002CD995 /* CoreData.framework in Frameworks */ = {isa = PBXBuildFile; fileRef = 004BE64319B2DDC7002CD995 /* CoreData.framework */; };
		004BE66719B2DDC8002CD995 /* InfoPlist.strings in Resources */ = {isa = PBXBuildFile; fileRef = 004BE66519B2DDC8002CD995 /* InfoPlist.strings */; };
		004BE66919B2DDC8002CD995 /* GrooveTests.m in Sources */ = {isa = PBXBuildFile; fileRef = 004BE66819B2DDC8002CD995 /* GrooveTests.m */; };
		004BE67519B2E014002CD995 /* XibViewInterface.m in Sources */ = {isa = PBXBuildFile; fileRef = 004BE67419B2E014002CD995 /* XibViewInterface.m */; };
		004BE68019B2E131002CD995 /* MetronomeMainViewControllerIphone.m in Sources */ = {isa = PBXBuildFile; fileRef = 004BE67E19B2E131002CD995 /* MetronomeMainViewControllerIphone.m */; };
		004BE68119B2E131002CD995 /* MetronomeMainViewControllerIphone.xib in Resources */ = {isa = PBXBuildFile; fileRef = 004BE67F19B2E131002CD995 /* MetronomeMainViewControllerIphone.xib */; };
		004BE68519B2E670002CD995 /* GlobalConfig.plist in Resources */ = {isa = PBXBuildFile; fileRef = 004BE68419B2E670002CD995 /* GlobalConfig.plist */; };
		004BE68819B2EA93002CD995 /* GlobalConfig.m in Sources */ = {isa = PBXBuildFile; fileRef = 004BE68719B2EA93002CD995 /* GlobalConfig.m */; };
		00677B0519BC4C09007A3085 /* MetronmoneTopSubViewIphone.m in Sources */ = {isa = PBXBuildFile; fileRef = 00677B0419BC4C09007A3085 /* MetronmoneTopSubViewIphone.m */; };
		00677B0919BC5203007A3085 /* MetronmoneTopSubViewIphone.xib in Resources */ = {isa = PBXBuildFile; fileRef = 00677B0819BC5203007A3085 /* MetronmoneTopSubViewIphone.xib */; };
		00677B0E19BC538F007A3085 /* GrooveMainViewControllerIpone.m in Sources */ = {isa = PBXBuildFile; fileRef = 00677B0C19BC538F007A3085 /* GrooveMainViewControllerIpone.m */; };
		00677B0F19BC538F007A3085 /* GrooveMainViewControllerIpone.xib in Resources */ = {isa = PBXBuildFile; fileRef = 00677B0D19BC538F007A3085 /* GrooveMainViewControllerIpone.xib */; };
		00677B1319BC5DA4007A3085 /* LargeBPMPicker.m in Sources */ = {isa = PBXBuildFile; fileRef = 00677B1219BC5DA4007A3085 /* LargeBPMPicker.m */; };
		00B81F6A1A0278D60098BCBB /* TopViewBackground.pdf in Resources */ = {isa = PBXBuildFile; fileRef = 00B81F691A0278D60098BCBB /* TopViewBackground.pdf */; };
		00B9689819CEDE5300AAD1AF /* TmpVerticalSlider.m in Sources */ = {isa = PBXBuildFile; fileRef = 00B9689719CEDE5300AAD1AF /* TmpVerticalSlider.m */; };
		00B9689B19CEF10900AAD1AF /* MetronomeSelectBar.m in Sources */ = {isa = PBXBuildFile; fileRef = 00B9689A19CEF10900AAD1AF /* MetronomeSelectBar.m */; };
		00B9689F19CEF1C400AAD1AF /* MetronomeSelectBar.xib in Resources */ = {isa = PBXBuildFile; fileRef = 00B9689E19CEF1C400AAD1AF /* MetronomeSelectBar.xib */; };
		00BB6DDE19BD918600E3C068 /* LargeBPMPicker.xib in Resources */ = {isa = PBXBuildFile; fileRef = 00BB6DDD19BD918600E3C068 /* LargeBPMPicker.xib */; };
		00BBE8091A06AF510034BCB6 /* Tap.pdf in Resources */ = {isa = PBXBuildFile; fileRef = 00BBE8081A06AF510034BCB6 /* Tap.pdf */; };
		00BBE80B1A06AF5D0034BCB6 /* TimeSignature_4_4.pdf in Resources */ = {isa = PBXBuildFile; fileRef = 00BBE80A1A06AF5D0034BCB6 /* TimeSignature_4_4.pdf */; };
		00BBE80D1A06AF670034BCB6 /* SinglePlay.pdf in Resources */ = {isa = PBXBuildFile; fileRef = 00BBE80C1A06AF670034BCB6 /* SinglePlay.pdf */; };
		00BBE80F1A06AF710034BCB6 /* Voice_Hi-Click.pdf in Resources */ = {isa = PBXBuildFile; fileRef = 00BBE80E1A06AF710034BCB6 /* Voice_Hi-Click.pdf */; };
		00BBE8111A06AFDA0034BCB6 /* BottomViewBackground.pdf in Resources */ = {isa = PBXBuildFile; fileRef = 00BBE8101A06AFDA0034BCB6 /* BottomViewBackground.pdf */; };
		00C4B4ED19F9752D00B363BA /* dialog2.pdf in Resources */ = {isa = PBXBuildFile; fileRef = 00C4B4EC19F9752D00B363BA /* dialog2.pdf */; };
		00DA131119F4E94700F27E25 /* NotesTool.m in Sources */ = {isa = PBXBuildFile; fileRef = 00DA131019F4E94700F27E25 /* NotesTool.m */; };
		00DA131519F4EE1E00F27E25 /* AudioPlay.m in Sources */ = {isa = PBXBuildFile; fileRef = 00DA131419F4EE1E00F27E25 /* AudioPlay.m */; };
		00DA131C19F4EF1900F27E25 /* BeepBound.m in Sources */ = {isa = PBXBuildFile; fileRef = 00DA131719F4EF1900F27E25 /* BeepBound.m */; };
		00DA131E19F4EF1900F27E25 /* NomalHiClickVoice.m in Sources */ = {isa = PBXBuildFile; fileRef = 00DA131B19F4EF1900F27E25 /* NomalHiClickVoice.m */; };
		00DA132019F4F38000F27E25 /* AudioToolbox.framework in Frameworks */ = {isa = PBXBuildFile; fileRef = 00DA131F19F4F38000F27E25 /* AudioToolbox.framework */; };
		00DA132219F4F38A00F27E25 /* OpenAL.framework in Frameworks */ = {isa = PBXBuildFile; fileRef = 00DA132119F4F38A00F27E25 /* OpenAL.framework */; };
		00DA13B219F4F77000F27E25 /* HiAccent.wav in Resources */ = {isa = PBXBuildFile; fileRef = 00DA13AD19F4F77000F27E25 /* HiAccent.wav */; };
		00DA13B319F4F77000F27E25 /* HiAnd.wav in Resources */ = {isa = PBXBuildFile; fileRef = 00DA13AE19F4F77000F27E25 /* HiAnd.wav */; };
		00DA13B419F4F77000F27E25 /* HiE.wav in Resources */ = {isa = PBXBuildFile; fileRef = 00DA13AF19F4F77000F27E25 /* HiE.wav */; };
		00DA13B519F4F77000F27E25 /* HiFirst.wav in Resources */ = {isa = PBXBuildFile; fileRef = 00DA13B019F4F77000F27E25 /* HiFirst.wav */; };
		00DA13B619F4F77000F27E25 /* HiGa.wav in Resources */ = {isa = PBXBuildFile; fileRef = 00DA13B119F4F77000F27E25 /* HiGa.wav */; };
		00E5F8C619C0BFCD00661D1C /* MetronomeBottomSubViewIphone.m in Sources */ = {isa = PBXBuildFile; fileRef = 00E5F8C519C0BFCD00661D1C /* MetronomeBottomSubViewIphone.m */; };
		00E5F8C819C0BFE600661D1C /* MetronomeBottomSubViewIphone.xib in Resources */ = {isa = PBXBuildFile; fileRef = 00E5F8C719C0BFE600661D1C /* MetronomeBottomSubViewIphone.xib */; };
		00E5F8CB19C0CE3D00661D1C /* VolumeBarSet.m in Sources */ = {isa = PBXBuildFile; fileRef = 00E5F8CA19C0CE3D00661D1C /* VolumeBarSet.m */; };
		00E5F8CD19C0CE5E00661D1C /* VolumeBarSet.xib in Resources */ = {isa = PBXBuildFile; fileRef = 00E5F8CC19C0CE5E00661D1C /* VolumeBarSet.xib */; };
/* End PBXBuildFile section */

/* Begin PBXContainerItemProxy section */
		004BE66019B2DDC8002CD995 /* PBXContainerItemProxy */ = {
			isa = PBXContainerItemProxy;
			containerPortal = 004BE63219B2DDC7002CD995 /* Project object */;
			proxyType = 1;
			remoteGlobalIDString = 004BE63919B2DDC7002CD995;
			remoteInfo = Groove;
		};
/* End PBXContainerItemProxy section */

/* Begin PBXFileReference section */
		000BDEEB19BF7D6A00078456 /* triangle2.png */ = {isa = PBXFileReference; lastKnownFileType = image.png; path = triangle2.png; sourceTree = "<group>"; };
		0010FF2419FEC1B5005E74C1 /* reflect_number_0.pdf */ = {isa = PBXFileReference; lastKnownFileType = image.pdf; path = reflect_number_0.pdf; sourceTree = "<group>"; };
		0010FF2519FEC1B5005E74C1 /* reflect_number_1.pdf */ = {isa = PBXFileReference; lastKnownFileType = image.pdf; path = reflect_number_1.pdf; sourceTree = "<group>"; };
		001B2B2C19D3CA0C0057A22E /* Groove.xcdatamodel */ = {isa = PBXFileReference; lastKnownFileType = wrapper.xcdatamodel; path = Groove.xcdatamodel; sourceTree = "<group>"; };
		001B2B2E19D3CF190057A22E /* DbConfig.h */ = {isa = PBXFileReference; fileEncoding = 4; lastKnownFileType = sourcecode.c.h; name = DbConfig.h; path = CoreDataSubClass/DbConfig.h; sourceTree = "<group>"; };
		001B2B2F19D3CF190057A22E /* DbConfig.m */ = {isa = PBXFileReference; fileEncoding = 4; lastKnownFileType = sourcecode.c.objc; name = DbConfig.m; path = CoreDataSubClass/DbConfig.m; sourceTree = "<group>"; };
		001B2B3119D403B20057A22E /* DebugHeader.h */ = {isa = PBXFileReference; lastKnownFileType = sourcecode.c.h; path = DebugHeader.h; sourceTree = "<group>"; };
		001B2B3B19D4106A0057A22E /* TempoList.h */ = {isa = PBXFileReference; fileEncoding = 4; lastKnownFileType = sourcecode.c.h; name = TempoList.h; path = CoreDataSubClass/TempoList.h; sourceTree = "<group>"; };
		001B2B3C19D4106A0057A22E /* TempoList.m */ = {isa = PBXFileReference; fileEncoding = 4; lastKnownFileType = sourcecode.c.objc; name = TempoList.m; path = CoreDataSubClass/TempoList.m; sourceTree = "<group>"; };
		001F01181A05511300189941 /* IssueAndInfo.txt */ = {isa = PBXFileReference; fileEncoding = 4; lastKnownFileType = text; path = IssueAndInfo.txt; sourceTree = "<group>"; };
		001F011A1A05679D00189941 /* iAd.framework */ = {isa = PBXFileReference; lastKnownFileType = wrapper.framework; name = iAd.framework; path = System/Library/Frameworks/iAd.framework; sourceTree = SDKROOT; };
		0036173C19D5CC9900848A35 /* loop.png */ = {isa = PBXFileReference; lastKnownFileType = image.png; path = loop.png; sourceTree = "<group>"; };
		0036174319D5E2DA00848A35 /* TempoCell.h */ = {isa = PBXFileReference; fileEncoding = 4; lastKnownFileType = sourcecode.c.h; name = TempoCell.h; path = CoreDataSubClass/TempoCell.h; sourceTree = "<group>"; };
		0036174419D5E2DA00848A35 /* TempoCell.m */ = {isa = PBXFileReference; fileEncoding = 4; lastKnownFileType = sourcecode.c.objc; name = TempoCell.m; path = CoreDataSubClass/TempoCell.m; sourceTree = "<group>"; };
		003A56A019D3284600747EB3 /* TimeSignatureType.h */ = {isa = PBXFileReference; fileEncoding = 4; lastKnownFileType = sourcecode.c.h; name = TimeSignatureType.h; path = CoreDataSubClass/TimeSignatureType.h; sourceTree = "<group>"; };
		003A56A119D3284600747EB3 /* TimeSignatureType.m */ = {isa = PBXFileReference; fileEncoding = 4; lastKnownFileType = sourcecode.c.objc; name = TimeSignatureType.m; path = CoreDataSubClass/TimeSignatureType.m; sourceTree = "<group>"; };
		003A56A719D3293A00747EB3 /* MetronomeModel.h */ = {isa = PBXFileReference; fileEncoding = 4; lastKnownFileType = sourcecode.c.h; name = MetronomeModel.h; path = CoreDataSubClass/MetronomeModel.h; sourceTree = "<group>"; };
		003A56A819D3293A00747EB3 /* MetronomeModel.m */ = {isa = PBXFileReference; fileEncoding = 4; lastKnownFileType = sourcecode.c.objc; name = MetronomeModel.m; path = CoreDataSubClass/MetronomeModel.m; sourceTree = "<group>"; };
		004BE63A19B2DDC7002CD995 /* Groove.app */ = {isa = PBXFileReference; explicitFileType = wrapper.application; includeInIndex = 0; path = Groove.app; sourceTree = BUILT_PRODUCTS_DIR; };
		004BE63D19B2DDC7002CD995 /* Foundation.framework */ = {isa = PBXFileReference; lastKnownFileType = wrapper.framework; name = Foundation.framework; path = System/Library/Frameworks/Foundation.framework; sourceTree = SDKROOT; };
		004BE63F19B2DDC7002CD995 /* CoreGraphics.framework */ = {isa = PBXFileReference; lastKnownFileType = wrapper.framework; name = CoreGraphics.framework; path = System/Library/Frameworks/CoreGraphics.framework; sourceTree = SDKROOT; };
		004BE64119B2DDC7002CD995 /* UIKit.framework */ = {isa = PBXFileReference; lastKnownFileType = wrapper.framework; name = UIKit.framework; path = System/Library/Frameworks/UIKit.framework; sourceTree = SDKROOT; };
		004BE64319B2DDC7002CD995 /* CoreData.framework */ = {isa = PBXFileReference; lastKnownFileType = wrapper.framework; name = CoreData.framework; path = System/Library/Frameworks/CoreData.framework; sourceTree = SDKROOT; };
		004BE64719B2DDC7002CD995 /* Groove-Info.plist */ = {isa = PBXFileReference; lastKnownFileType = text.plist.xml; path = "Groove-Info.plist"; sourceTree = "<group>"; };
		004BE64919B2DDC7002CD995 /* en */ = {isa = PBXFileReference; lastKnownFileType = text.plist.strings; name = en; path = en.lproj/InfoPlist.strings; sourceTree = "<group>"; };
		004BE64B19B2DDC7002CD995 /* main.m */ = {isa = PBXFileReference; lastKnownFileType = sourcecode.c.objc; path = main.m; sourceTree = "<group>"; };
		004BE64D19B2DDC8002CD995 /* Groove-Prefix.pch */ = {isa = PBXFileReference; lastKnownFileType = sourcecode.c.h; path = "Groove-Prefix.pch"; sourceTree = "<group>"; };
		004BE64E19B2DDC8002CD995 /* AppDelegate.h */ = {isa = PBXFileReference; lastKnownFileType = sourcecode.c.h; path = AppDelegate.h; sourceTree = "<group>"; };
		004BE64F19B2DDC8002CD995 /* AppDelegate.m */ = {isa = PBXFileReference; lastKnownFileType = sourcecode.c.objc; path = AppDelegate.m; sourceTree = "<group>"; };
		004BE65419B2DDC8002CD995 /* Images.xcassets */ = {isa = PBXFileReference; lastKnownFileType = folder.assetcatalog; path = Images.xcassets; sourceTree = "<group>"; };
		004BE65A19B2DDC8002CD995 /* GrooveTests.xctest */ = {isa = PBXFileReference; explicitFileType = wrapper.cfbundle; includeInIndex = 0; path = GrooveTests.xctest; sourceTree = BUILT_PRODUCTS_DIR; };
		004BE65B19B2DDC8002CD995 /* XCTest.framework */ = {isa = PBXFileReference; lastKnownFileType = wrapper.framework; name = XCTest.framework; path = Library/Frameworks/XCTest.framework; sourceTree = DEVELOPER_DIR; };
		004BE66419B2DDC8002CD995 /* GrooveTests-Info.plist */ = {isa = PBXFileReference; lastKnownFileType = text.plist.xml; path = "GrooveTests-Info.plist"; sourceTree = "<group>"; };
		004BE66619B2DDC8002CD995 /* en */ = {isa = PBXFileReference; lastKnownFileType = text.plist.strings; name = en; path = en.lproj/InfoPlist.strings; sourceTree = "<group>"; };
		004BE66819B2DDC8002CD995 /* GrooveTests.m */ = {isa = PBXFileReference; lastKnownFileType = sourcecode.c.objc; path = GrooveTests.m; sourceTree = "<group>"; };
		004BE67319B2E014002CD995 /* XibViewInterface.h */ = {isa = PBXFileReference; fileEncoding = 4; lastKnownFileType = sourcecode.c.h; path = XibViewInterface.h; sourceTree = "<group>"; };
		004BE67419B2E014002CD995 /* XibViewInterface.m */ = {isa = PBXFileReference; fileEncoding = 4; lastKnownFileType = sourcecode.c.objc; path = XibViewInterface.m; sourceTree = "<group>"; };
		004BE67D19B2E131002CD995 /* MetronomeMainViewControllerIphone.h */ = {isa = PBXFileReference; fileEncoding = 4; lastKnownFileType = sourcecode.c.h; path = MetronomeMainViewControllerIphone.h; sourceTree = "<group>"; };
		004BE67E19B2E131002CD995 /* MetronomeMainViewControllerIphone.m */ = {isa = PBXFileReference; fileEncoding = 4; lastKnownFileType = sourcecode.c.objc; path = MetronomeMainViewControllerIphone.m; sourceTree = "<group>"; };
		004BE67F19B2E131002CD995 /* MetronomeMainViewControllerIphone.xib */ = {isa = PBXFileReference; fileEncoding = 4; lastKnownFileType = file.xib; path = MetronomeMainViewControllerIphone.xib; sourceTree = "<group>"; };
		004BE68419B2E670002CD995 /* GlobalConfig.plist */ = {isa = PBXFileReference; fileEncoding = 4; lastKnownFileType = text.plist.xml; path = GlobalConfig.plist; sourceTree = "<group>"; };
		004BE68619B2EA93002CD995 /* GlobalConfig.h */ = {isa = PBXFileReference; fileEncoding = 4; lastKnownFileType = sourcecode.c.h; path = GlobalConfig.h; sourceTree = "<group>"; };
		004BE68719B2EA93002CD995 /* GlobalConfig.m */ = {isa = PBXFileReference; fileEncoding = 4; lastKnownFileType = sourcecode.c.objc; path = GlobalConfig.m; sourceTree = "<group>"; };
		00677B0319BC4C09007A3085 /* MetronmoneTopSubViewIphone.h */ = {isa = PBXFileReference; fileEncoding = 4; lastKnownFileType = sourcecode.c.h; lineEnding = 0; path = MetronmoneTopSubViewIphone.h; sourceTree = "<group>"; };
		00677B0419BC4C09007A3085 /* MetronmoneTopSubViewIphone.m */ = {isa = PBXFileReference; fileEncoding = 4; lastKnownFileType = sourcecode.c.objc; path = MetronmoneTopSubViewIphone.m; sourceTree = "<group>"; };
		00677B0819BC5203007A3085 /* MetronmoneTopSubViewIphone.xib */ = {isa = PBXFileReference; fileEncoding = 4; lastKnownFileType = file.xib; path = MetronmoneTopSubViewIphone.xib; sourceTree = "<group>"; };
		00677B0B19BC538F007A3085 /* GrooveMainViewControllerIpone.h */ = {isa = PBXFileReference; fileEncoding = 4; lastKnownFileType = sourcecode.c.h; path = GrooveMainViewControllerIpone.h; sourceTree = "<group>"; };
		00677B0C19BC538F007A3085 /* GrooveMainViewControllerIpone.m */ = {isa = PBXFileReference; fileEncoding = 4; lastKnownFileType = sourcecode.c.objc; path = GrooveMainViewControllerIpone.m; sourceTree = "<group>"; };
		00677B0D19BC538F007A3085 /* GrooveMainViewControllerIpone.xib */ = {isa = PBXFileReference; fileEncoding = 4; lastKnownFileType = file.xib; path = GrooveMainViewControllerIpone.xib; sourceTree = "<group>"; };
		00677B1119BC5DA4007A3085 /* LargeBPMPicker.h */ = {isa = PBXFileReference; fileEncoding = 4; lastKnownFileType = sourcecode.c.h; path = LargeBPMPicker.h; sourceTree = "<group>"; };
		00677B1219BC5DA4007A3085 /* LargeBPMPicker.m */ = {isa = PBXFileReference; fileEncoding = 4; lastKnownFileType = sourcecode.c.objc; path = LargeBPMPicker.m; sourceTree = "<group>"; };
		00B81F691A0278D60098BCBB /* TopViewBackground.pdf */ = {isa = PBXFileReference; lastKnownFileType = image.pdf; path = TopViewBackground.pdf; sourceTree = "<group>"; };
		00B9689619CEDE5300AAD1AF /* TmpVerticalSlider.h */ = {isa = PBXFileReference; fileEncoding = 4; lastKnownFileType = sourcecode.c.h; path = TmpVerticalSlider.h; sourceTree = "<group>"; };
		00B9689719CEDE5300AAD1AF /* TmpVerticalSlider.m */ = {isa = PBXFileReference; fileEncoding = 4; lastKnownFileType = sourcecode.c.objc; path = TmpVerticalSlider.m; sourceTree = "<group>"; };
		00B9689919CEF10900AAD1AF /* MetronomeSelectBar.h */ = {isa = PBXFileReference; fileEncoding = 4; lastKnownFileType = sourcecode.c.h; path = MetronomeSelectBar.h; sourceTree = "<group>"; };
		00B9689A19CEF10900AAD1AF /* MetronomeSelectBar.m */ = {isa = PBXFileReference; fileEncoding = 4; lastKnownFileType = sourcecode.c.objc; path = MetronomeSelectBar.m; sourceTree = "<group>"; };
		00B9689E19CEF1C400AAD1AF /* MetronomeSelectBar.xib */ = {isa = PBXFileReference; fileEncoding = 4; lastKnownFileType = file.xib; path = MetronomeSelectBar.xib; sourceTree = "<group>"; };
		00BB6DDD19BD918600E3C068 /* LargeBPMPicker.xib */ = {isa = PBXFileReference; fileEncoding = 4; lastKnownFileType = file.xib; path = LargeBPMPicker.xib; sourceTree = "<group>"; };
		00BBE8081A06AF510034BCB6 /* Tap.pdf */ = {isa = PBXFileReference; lastKnownFileType = image.pdf; path = Tap.pdf; sourceTree = "<group>"; };
		00BBE80A1A06AF5D0034BCB6 /* TimeSignature_4_4.pdf */ = {isa = PBXFileReference; lastKnownFileType = image.pdf; path = TimeSignature_4_4.pdf; sourceTree = "<group>"; };
		00BBE80C1A06AF670034BCB6 /* SinglePlay.pdf */ = {isa = PBXFileReference; lastKnownFileType = image.pdf; path = SinglePlay.pdf; sourceTree = "<group>"; };
		00BBE80E1A06AF710034BCB6 /* Voice_Hi-Click.pdf */ = {isa = PBXFileReference; lastKnownFileType = image.pdf; path = "Voice_Hi-Click.pdf"; sourceTree = "<group>"; };
		00BBE8101A06AFDA0034BCB6 /* BottomViewBackground.pdf */ = {isa = PBXFileReference; lastKnownFileType = image.pdf; path = BottomViewBackground.pdf; sourceTree = "<group>"; };
		00C4B4EC19F9752D00B363BA /* dialog2.pdf */ = {isa = PBXFileReference; lastKnownFileType = image.pdf; path = dialog2.pdf; sourceTree = "<group>"; };
		00DA130F19F4E94600F27E25 /* NotesTool.h */ = {isa = PBXFileReference; fileEncoding = 4; lastKnownFileType = sourcecode.c.h; name = NotesTool.h; path = Tools/NotesTool.h; sourceTree = "<group>"; };
		00DA131019F4E94700F27E25 /* NotesTool.m */ = {isa = PBXFileReference; fileEncoding = 4; lastKnownFileType = sourcecode.c.objc; name = NotesTool.m; path = Tools/NotesTool.m; sourceTree = "<group>"; };
		00DA131319F4EE1E00F27E25 /* AudioPlay.h */ = {isa = PBXFileReference; fileEncoding = 4; lastKnownFileType = sourcecode.c.h; name = AudioPlay.h; path = Tools/AudioPlay.h; sourceTree = "<group>"; };
		00DA131419F4EE1E00F27E25 /* AudioPlay.m */ = {isa = PBXFileReference; fileEncoding = 4; lastKnownFileType = sourcecode.c.objc; name = AudioPlay.m; path = Tools/AudioPlay.m; sourceTree = "<group>"; };
		00DA131619F4EF1900F27E25 /* BeepBound.h */ = {isa = PBXFileReference; fileEncoding = 4; lastKnownFileType = sourcecode.c.h; name = BeepBound.h; path = Tools/BeepBound.h; sourceTree = "<group>"; };
		00DA131719F4EF1900F27E25 /* BeepBound.m */ = {isa = PBXFileReference; fileEncoding = 4; lastKnownFileType = sourcecode.c.objc; name = BeepBound.m; path = Tools/BeepBound.m; sourceTree = "<group>"; };
		00DA131A19F4EF1900F27E25 /* NomalHiClickVoice.h */ = {isa = PBXFileReference; fileEncoding = 4; lastKnownFileType = sourcecode.c.h; name = NomalHiClickVoice.h; path = Tools/NomalHiClickVoice.h; sourceTree = "<group>"; };
		00DA131B19F4EF1900F27E25 /* NomalHiClickVoice.m */ = {isa = PBXFileReference; fileEncoding = 4; lastKnownFileType = sourcecode.c.objc; name = NomalHiClickVoice.m; path = Tools/NomalHiClickVoice.m; sourceTree = "<group>"; };
		00DA131F19F4F38000F27E25 /* AudioToolbox.framework */ = {isa = PBXFileReference; lastKnownFileType = wrapper.framework; name = AudioToolbox.framework; path = System/Library/Frameworks/AudioToolbox.framework; sourceTree = SDKROOT; };
		00DA132119F4F38A00F27E25 /* OpenAL.framework */ = {isa = PBXFileReference; lastKnownFileType = wrapper.framework; name = OpenAL.framework; path = System/Library/Frameworks/OpenAL.framework; sourceTree = SDKROOT; };
		00DA13AD19F4F77000F27E25 /* HiAccent.wav */ = {isa = PBXFileReference; lastKnownFileType = audio.wav; path = HiAccent.wav; sourceTree = "<group>"; };
		00DA13AE19F4F77000F27E25 /* HiAnd.wav */ = {isa = PBXFileReference; lastKnownFileType = audio.wav; path = HiAnd.wav; sourceTree = "<group>"; };
		00DA13AF19F4F77000F27E25 /* HiE.wav */ = {isa = PBXFileReference; lastKnownFileType = audio.wav; path = HiE.wav; sourceTree = "<group>"; };
		00DA13B019F4F77000F27E25 /* HiFirst.wav */ = {isa = PBXFileReference; lastKnownFileType = audio.wav; path = HiFirst.wav; sourceTree = "<group>"; };
		00DA13B119F4F77000F27E25 /* HiGa.wav */ = {isa = PBXFileReference; lastKnownFileType = audio.wav; path = HiGa.wav; sourceTree = "<group>"; };
		00E5F8C419C0BFCD00661D1C /* MetronomeBottomSubViewIphone.h */ = {isa = PBXFileReference; fileEncoding = 4; lastKnownFileType = sourcecode.c.h; path = MetronomeBottomSubViewIphone.h; sourceTree = "<group>"; };
		00E5F8C519C0BFCD00661D1C /* MetronomeBottomSubViewIphone.m */ = {isa = PBXFileReference; fileEncoding = 4; lastKnownFileType = sourcecode.c.objc; path = MetronomeBottomSubViewIphone.m; sourceTree = "<group>"; };
		00E5F8C719C0BFE600661D1C /* MetronomeBottomSubViewIphone.xib */ = {isa = PBXFileReference; fileEncoding = 4; lastKnownFileType = file.xib; path = MetronomeBottomSubViewIphone.xib; sourceTree = "<group>"; };
		00E5F8C919C0CE3D00661D1C /* VolumeBarSet.h */ = {isa = PBXFileReference; fileEncoding = 4; lastKnownFileType = sourcecode.c.h; path = VolumeBarSet.h; sourceTree = "<group>"; };
		00E5F8CA19C0CE3D00661D1C /* VolumeBarSet.m */ = {isa = PBXFileReference; fileEncoding = 4; lastKnownFileType = sourcecode.c.objc; path = VolumeBarSet.m; sourceTree = "<group>"; };
		00E5F8CC19C0CE5E00661D1C /* VolumeBarSet.xib */ = {isa = PBXFileReference; fileEncoding = 4; lastKnownFileType = file.xib; path = VolumeBarSet.xib; sourceTree = "<group>"; };
/* End PBXFileReference section */

/* Begin PBXFrameworksBuildPhase section */
		004BE63719B2DDC7002CD995 /* Frameworks */ = {
			isa = PBXFrameworksBuildPhase;
			buildActionMask = 2147483647;
			files = (
				001F011B1A05679D00189941 /* iAd.framework in Frameworks */,
				00DA132219F4F38A00F27E25 /* OpenAL.framework in Frameworks */,
				00DA132019F4F38000F27E25 /* AudioToolbox.framework in Frameworks */,
				004BE64019B2DDC7002CD995 /* CoreGraphics.framework in Frameworks */,
				004BE64419B2DDC7002CD995 /* CoreData.framework in Frameworks */,
				004BE64219B2DDC7002CD995 /* UIKit.framework in Frameworks */,
				004BE63E19B2DDC7002CD995 /* Foundation.framework in Frameworks */,
			);
			runOnlyForDeploymentPostprocessing = 0;
		};
		004BE65719B2DDC8002CD995 /* Frameworks */ = {
			isa = PBXFrameworksBuildPhase;
			buildActionMask = 2147483647;
			files = (
				004BE65C19B2DDC8002CD995 /* XCTest.framework in Frameworks */,
				004BE65F19B2DDC8002CD995 /* CoreData.framework in Frameworks */,
				004BE65E19B2DDC8002CD995 /* UIKit.framework in Frameworks */,
				004BE65D19B2DDC8002CD995 /* Foundation.framework in Frameworks */,
			);
			runOnlyForDeploymentPostprocessing = 0;
		};
/* End PBXFrameworksBuildPhase section */

/* Begin PBXGroup section */
		001F01171A05511300189941 /* Document */ = {
			isa = PBXGroup;
			children = (
				001F01181A05511300189941 /* IssueAndInfo.txt */,
			);
			path = Document;
			sourceTree = "<group>";
		};
		003A56A619D3285800747EB3 /* CoreDataModel */ = {
			isa = PBXGroup;
			children = (
				0036174319D5E2DA00848A35 /* TempoCell.h */,
				0036174419D5E2DA00848A35 /* TempoCell.m */,
				001B2B2B19D3CA0C0057A22E /* Groove.xcdatamodeld */,
				001B2B3B19D4106A0057A22E /* TempoList.h */,
				001B2B3C19D4106A0057A22E /* TempoList.m */,
				001B2B2E19D3CF190057A22E /* DbConfig.h */,
				001B2B2F19D3CF190057A22E /* DbConfig.m */,
				003A56A019D3284600747EB3 /* TimeSignatureType.h */,
				003A56A119D3284600747EB3 /* TimeSignatureType.m */,
				003A56A719D3293A00747EB3 /* MetronomeModel.h */,
				003A56A819D3293A00747EB3 /* MetronomeModel.m */,
			);
			name = CoreDataModel;
			sourceTree = "<group>";
		};
		004BE63119B2DDC7002CD995 = {
			isa = PBXGroup;
			children = (
				004BE64519B2DDC7002CD995 /* Groove */,
				004BE66219B2DDC8002CD995 /* GrooveTests */,
				004BE63C19B2DDC7002CD995 /* Frameworks */,
				004BE63B19B2DDC7002CD995 /* Products */,
			);
			sourceTree = "<group>";
		};
		004BE63B19B2DDC7002CD995 /* Products */ = {
			isa = PBXGroup;
			children = (
				004BE63A19B2DDC7002CD995 /* Groove.app */,
				004BE65A19B2DDC8002CD995 /* GrooveTests.xctest */,
			);
			name = Products;
			sourceTree = "<group>";
		};
		004BE63C19B2DDC7002CD995 /* Frameworks */ = {
			isa = PBXGroup;
			children = (
				001F011A1A05679D00189941 /* iAd.framework */,
				00DA132119F4F38A00F27E25 /* OpenAL.framework */,
				00DA131F19F4F38000F27E25 /* AudioToolbox.framework */,
				004BE63D19B2DDC7002CD995 /* Foundation.framework */,
				004BE63F19B2DDC7002CD995 /* CoreGraphics.framework */,
				004BE64119B2DDC7002CD995 /* UIKit.framework */,
				004BE64319B2DDC7002CD995 /* CoreData.framework */,
				004BE65B19B2DDC8002CD995 /* XCTest.framework */,
			);
			name = Frameworks;
			sourceTree = "<group>";
		};
		004BE64519B2DDC7002CD995 /* Groove */ = {
			isa = PBXGroup;
			children = (
				001F01171A05511300189941 /* Document */,
				00C4B4EB19F9752D00B363BA /* Picture */,
				00DA13AB19F4F77000F27E25 /* Media */,
				00DA131219F4E95000F27E25 /* Tools */,
				003A56A619D3285800747EB3 /* CoreDataModel */,
				00677B0A19BC5323007A3085 /* Groove */,
				004BE68219B2E5C8002CD995 /* GlobalConfig */,
				004BE67619B2E01E002CD995 /* SuperClass */,
				004BE67219B2DF89002CD995 /* Metronome */,
				004BE64E19B2DDC8002CD995 /* AppDelegate.h */,
				004BE64F19B2DDC8002CD995 /* AppDelegate.m */,
				004BE64619B2DDC7002CD995 /* Supporting Files */,
			);
			path = Groove;
			sourceTree = "<group>";
		};
		004BE64619B2DDC7002CD995 /* Supporting Files */ = {
			isa = PBXGroup;
			children = (
				0036173C19D5CC9900848A35 /* loop.png */,
				000BDEEB19BF7D6A00078456 /* triangle2.png */,
				004BE64719B2DDC7002CD995 /* Groove-Info.plist */,
				004BE64819B2DDC7002CD995 /* InfoPlist.strings */,
				004BE64B19B2DDC7002CD995 /* main.m */,
				004BE64D19B2DDC8002CD995 /* Groove-Prefix.pch */,
			);
			name = "Supporting Files";
			sourceTree = "<group>";
		};
		004BE66219B2DDC8002CD995 /* GrooveTests */ = {
			isa = PBXGroup;
			children = (
				004BE66819B2DDC8002CD995 /* GrooveTests.m */,
				004BE66319B2DDC8002CD995 /* Supporting Files */,
			);
			path = GrooveTests;
			sourceTree = "<group>";
		};
		004BE66319B2DDC8002CD995 /* Supporting Files */ = {
			isa = PBXGroup;
			children = (
				004BE66419B2DDC8002CD995 /* GrooveTests-Info.plist */,
				004BE66519B2DDC8002CD995 /* InfoPlist.strings */,
			);
			name = "Supporting Files";
			sourceTree = "<group>";
		};
		004BE67219B2DF89002CD995 /* Metronome */ = {
			isa = PBXGroup;
			children = (
				00E5F8C319C0BF9600661D1C /* MetronomeBottomSubViewIphone */,
				00677B1019BC5D5B007A3085 /* MetronmeItems */,
				00677AFC19BC4AF6007A3085 /* MetronomeTopSubViewIphone */,
				004BE67D19B2E131002CD995 /* MetronomeMainViewControllerIphone.h */,
				004BE67E19B2E131002CD995 /* MetronomeMainViewControllerIphone.m */,
				004BE67F19B2E131002CD995 /* MetronomeMainViewControllerIphone.xib */,
				004BE65419B2DDC8002CD995 /* Images.xcassets */,
			);
			name = Metronome;
			sourceTree = "<group>";
		};
		004BE67619B2E01E002CD995 /* SuperClass */ = {
			isa = PBXGroup;
			children = (
				004BE67319B2E014002CD995 /* XibViewInterface.h */,
				004BE67419B2E014002CD995 /* XibViewInterface.m */,
			);
			name = SuperClass;
			sourceTree = "<group>";
		};
		004BE68219B2E5C8002CD995 /* GlobalConfig */ = {
			isa = PBXGroup;
			children = (
				004BE68419B2E670002CD995 /* GlobalConfig.plist */,
				004BE68619B2EA93002CD995 /* GlobalConfig.h */,
				004BE68719B2EA93002CD995 /* GlobalConfig.m */,
				001B2B3119D403B20057A22E /* DebugHeader.h */,
			);
			name = GlobalConfig;
			sourceTree = "<group>";
		};
		00677AFC19BC4AF6007A3085 /* MetronomeTopSubViewIphone */ = {
			isa = PBXGroup;
			children = (
				00677B0319BC4C09007A3085 /* MetronmoneTopSubViewIphone.h */,
				00677B0419BC4C09007A3085 /* MetronmoneTopSubViewIphone.m */,
				00677B0819BC5203007A3085 /* MetronmoneTopSubViewIphone.xib */,
			);
			name = MetronomeTopSubViewIphone;
			sourceTree = "<group>";
		};
		00677B0A19BC5323007A3085 /* Groove */ = {
			isa = PBXGroup;
			children = (
				00677B0B19BC538F007A3085 /* GrooveMainViewControllerIpone.h */,
				00677B0C19BC538F007A3085 /* GrooveMainViewControllerIpone.m */,
				00677B0D19BC538F007A3085 /* GrooveMainViewControllerIpone.xib */,
			);
			name = Groove;
			sourceTree = "<group>";
		};
		00677B1019BC5D5B007A3085 /* MetronmeItems */ = {
			isa = PBXGroup;
			children = (
				00677B1119BC5DA4007A3085 /* LargeBPMPicker.h */,
				00677B1219BC5DA4007A3085 /* LargeBPMPicker.m */,
				00BB6DDD19BD918600E3C068 /* LargeBPMPicker.xib */,
				00E5F8C919C0CE3D00661D1C /* VolumeBarSet.h */,
				00E5F8CA19C0CE3D00661D1C /* VolumeBarSet.m */,
				00E5F8CC19C0CE5E00661D1C /* VolumeBarSet.xib */,
				00B9689619CEDE5300AAD1AF /* TmpVerticalSlider.h */,
				00B9689719CEDE5300AAD1AF /* TmpVerticalSlider.m */,
				00B9689919CEF10900AAD1AF /* MetronomeSelectBar.h */,
				00B9689A19CEF10900AAD1AF /* MetronomeSelectBar.m */,
				00B9689E19CEF1C400AAD1AF /* MetronomeSelectBar.xib */,
			);
			name = MetronmeItems;
			sourceTree = "<group>";
		};
		00C4B4EB19F9752D00B363BA /* Picture */ = {
			isa = PBXGroup;
			children = (
				00BBE8101A06AFDA0034BCB6 /* BottomViewBackground.pdf */,
				00BBE80C1A06AF670034BCB6 /* SinglePlay.pdf */,
				00BBE80A1A06AF5D0034BCB6 /* TimeSignature_4_4.pdf */,
				00BBE8081A06AF510034BCB6 /* Tap.pdf */,
				0010FF2419FEC1B5005E74C1 /* reflect_number_0.pdf */,
				0010FF2519FEC1B5005E74C1 /* reflect_number_1.pdf */,
				00C4B4EC19F9752D00B363BA /* dialog2.pdf */,
				00BBE80E1A06AF710034BCB6 /* Voice_Hi-Click.pdf */,
				00B81F691A0278D60098BCBB /* TopViewBackground.pdf */,
			);
			path = Picture;
			sourceTree = "<group>";
		};
		00DA131219F4E95000F27E25 /* Tools */ = {
			isa = PBXGroup;
			children = (
				00DA131619F4EF1900F27E25 /* BeepBound.h */,
				00DA131719F4EF1900F27E25 /* BeepBound.m */,
				00DA131A19F4EF1900F27E25 /* NomalHiClickVoice.h */,
				00DA131B19F4EF1900F27E25 /* NomalHiClickVoice.m */,
				00DA130F19F4E94600F27E25 /* NotesTool.h */,
				00DA131019F4E94700F27E25 /* NotesTool.m */,
				00DA131319F4EE1E00F27E25 /* AudioPlay.h */,
				00DA131419F4EE1E00F27E25 /* AudioPlay.m */,
			);
			name = Tools;
			sourceTree = "<group>";
		};
		00DA13AB19F4F77000F27E25 /* Media */ = {
			isa = PBXGroup;
			children = (
				00DA13AC19F4F77000F27E25 /* NormalHi */,
			);
			path = Media;
			sourceTree = "<group>";
		};
		00DA13AC19F4F77000F27E25 /* NormalHi */ = {
			isa = PBXGroup;
			children = (
				00DA13AD19F4F77000F27E25 /* HiAccent.wav */,
				00DA13AE19F4F77000F27E25 /* HiAnd.wav */,
				00DA13AF19F4F77000F27E25 /* HiE.wav */,
				00DA13B019F4F77000F27E25 /* HiFirst.wav */,
				00DA13B119F4F77000F27E25 /* HiGa.wav */,
			);
			path = NormalHi;
			sourceTree = "<group>";
		};
		00E5F8C319C0BF9600661D1C /* MetronomeBottomSubViewIphone */ = {
			isa = PBXGroup;
			children = (
				00E5F8C419C0BFCD00661D1C /* MetronomeBottomSubViewIphone.h */,
				00E5F8C519C0BFCD00661D1C /* MetronomeBottomSubViewIphone.m */,
				00E5F8C719C0BFE600661D1C /* MetronomeBottomSubViewIphone.xib */,
			);
			name = MetronomeBottomSubViewIphone;
			sourceTree = "<group>";
		};
/* End PBXGroup section */

/* Begin PBXNativeTarget section */
		004BE63919B2DDC7002CD995 /* Groove */ = {
			isa = PBXNativeTarget;
			buildConfigurationList = 004BE66C19B2DDC8002CD995 /* Build configuration list for PBXNativeTarget "Groove" */;
			buildPhases = (
				004BE63619B2DDC7002CD995 /* Sources */,
				004BE63719B2DDC7002CD995 /* Frameworks */,
				004BE63819B2DDC7002CD995 /* Resources */,
			);
			buildRules = (
			);
			dependencies = (
			);
			name = Groove;
			productName = Groove;
			productReference = 004BE63A19B2DDC7002CD995 /* Groove.app */;
			productType = "com.apple.product-type.application";
		};
		004BE65919B2DDC8002CD995 /* GrooveTests */ = {
			isa = PBXNativeTarget;
			buildConfigurationList = 004BE66F19B2DDC8002CD995 /* Build configuration list for PBXNativeTarget "GrooveTests" */;
			buildPhases = (
				004BE65619B2DDC8002CD995 /* Sources */,
				004BE65719B2DDC8002CD995 /* Frameworks */,
				004BE65819B2DDC8002CD995 /* Resources */,
			);
			buildRules = (
			);
			dependencies = (
				004BE66119B2DDC8002CD995 /* PBXTargetDependency */,
			);
			name = GrooveTests;
			productName = GrooveTests;
			productReference = 004BE65A19B2DDC8002CD995 /* GrooveTests.xctest */;
			productType = "com.apple.product-type.bundle.unit-test";
		};
/* End PBXNativeTarget section */

/* Begin PBXProject section */
		004BE63219B2DDC7002CD995 /* Project object */ = {
			isa = PBXProject;
			attributes = {
				LastUpgradeCheck = 0510;
				ORGANIZATIONNAME = Cty;
				TargetAttributes = {
					004BE63919B2DDC7002CD995 = {
						DevelopmentTeam = 6LM28NT488;
					};
					004BE65919B2DDC8002CD995 = {
						TestTargetID = 004BE63919B2DDC7002CD995;
					};
				};
			};
			buildConfigurationList = 004BE63519B2DDC7002CD995 /* Build configuration list for PBXProject "Groove" */;
			compatibilityVersion = "Xcode 3.2";
			developmentRegion = English;
			hasScannedForEncodings = 0;
			knownRegions = (
				en,
			);
			mainGroup = 004BE63119B2DDC7002CD995;
			productRefGroup = 004BE63B19B2DDC7002CD995 /* Products */;
			projectDirPath = "";
			projectRoot = "";
			targets = (
				004BE63919B2DDC7002CD995 /* Groove */,
				004BE65919B2DDC8002CD995 /* GrooveTests */,
			);
		};
/* End PBXProject section */

/* Begin PBXResourcesBuildPhase section */
		004BE63819B2DDC7002CD995 /* Resources */ = {
			isa = PBXResourcesBuildPhase;
			buildActionMask = 2147483647;
			files = (
				00B81F6A1A0278D60098BCBB /* TopViewBackground.pdf in Resources */,
				00DA13B519F4F77000F27E25 /* HiFirst.wav in Resources */,
				00BBE8111A06AFDA0034BCB6 /* BottomViewBackground.pdf in Resources */,
				0010FF2719FEC1B5005E74C1 /* reflect_number_1.pdf in Resources */,
				000BDEEC19BF7D6A00078456 /* triangle2.png in Resources */,
				00BBE80B1A06AF5D0034BCB6 /* TimeSignature_4_4.pdf in Resources */,
				00BBE80F1A06AF710034BCB6 /* Voice_Hi-Click.pdf in Resources */,
				00DA13B619F4F77000F27E25 /* HiGa.wav in Resources */,
				004BE68119B2E131002CD995 /* MetronomeMainViewControllerIphone.xib in Resources */,
				00E5F8CD19C0CE5E00661D1C /* VolumeBarSet.xib in Resources */,
				00DA13B319F4F77000F27E25 /* HiAnd.wav in Resources */,
				00677B0F19BC538F007A3085 /* GrooveMainViewControllerIpone.xib in Resources */,
				00BBE8091A06AF510034BCB6 /* Tap.pdf in Resources */,
				0036173D19D5CC9900848A35 /* loop.png in Resources */,
				00BBE80D1A06AF670034BCB6 /* SinglePlay.pdf in Resources */,
				004BE64A19B2DDC7002CD995 /* InfoPlist.strings in Resources */,
				00B9689F19CEF1C400AAD1AF /* MetronomeSelectBar.xib in Resources */,
				00DA13B219F4F77000F27E25 /* HiAccent.wav in Resources */,
				00BB6DDE19BD918600E3C068 /* LargeBPMPicker.xib in Resources */,
				00677B0919BC5203007A3085 /* MetronmoneTopSubViewIphone.xib in Resources */,
				0010FF2619FEC1B5005E74C1 /* reflect_number_0.pdf in Resources */,
				001F01191A05511300189941 /* IssueAndInfo.txt in Resources */,
				004BE65519B2DDC8002CD995 /* Images.xcassets in Resources */,
				00DA13B419F4F77000F27E25 /* HiE.wav in Resources */,
				00C4B4ED19F9752D00B363BA /* dialog2.pdf in Resources */,
				00E5F8C819C0BFE600661D1C /* MetronomeBottomSubViewIphone.xib in Resources */,
				004BE68519B2E670002CD995 /* GlobalConfig.plist in Resources */,
			);
			runOnlyForDeploymentPostprocessing = 0;
		};
		004BE65819B2DDC8002CD995 /* Resources */ = {
			isa = PBXResourcesBuildPhase;
			buildActionMask = 2147483647;
			files = (
				004BE66719B2DDC8002CD995 /* InfoPlist.strings in Resources */,
			);
			runOnlyForDeploymentPostprocessing = 0;
		};
/* End PBXResourcesBuildPhase section */

/* Begin PBXSourcesBuildPhase section */
		004BE63619B2DDC7002CD995 /* Sources */ = {
			isa = PBXSourcesBuildPhase;
			buildActionMask = 2147483647;
			files = (
				00B9689819CEDE5300AAD1AF /* TmpVerticalSlider.m in Sources */,
				001B2B2D19D3CA0C0057A22E /* Groove.xcdatamodeld in Sources */,
				00677B0519BC4C09007A3085 /* MetronmoneTopSubViewIphone.m in Sources */,
				0036174519D5E2DA00848A35 /* TempoCell.m in Sources */,
				004BE68019B2E131002CD995 /* MetronomeMainViewControllerIphone.m in Sources */,
				004BE67519B2E014002CD995 /* XibViewInterface.m in Sources */,
				00677B1319BC5DA4007A3085 /* LargeBPMPicker.m in Sources */,
				00B9689B19CEF10900AAD1AF /* MetronomeSelectBar.m in Sources */,
				001B2B3019D3CF190057A22E /* DbConfig.m in Sources */,
				00E5F8C619C0BFCD00661D1C /* MetronomeBottomSubViewIphone.m in Sources */,
				00DA131E19F4EF1900F27E25 /* NomalHiClickVoice.m in Sources */,
				00677B0E19BC538F007A3085 /* GrooveMainViewControllerIpone.m in Sources */,
				004BE65019B2DDC8002CD995 /* AppDelegate.m in Sources */,
				003A56A219D3284600747EB3 /* TimeSignatureType.m in Sources */,
				00E5F8CB19C0CE3D00661D1C /* VolumeBarSet.m in Sources */,
				00DA131519F4EE1E00F27E25 /* AudioPlay.m in Sources */,
				004BE68819B2EA93002CD995 /* GlobalConfig.m in Sources */,
				001B2B3D19D4106A0057A22E /* TempoList.m in Sources */,
				004BE64C19B2DDC8002CD995 /* main.m in Sources */,
				00DA131C19F4EF1900F27E25 /* BeepBound.m in Sources */,
				003A56A919D3293A00747EB3 /* MetronomeModel.m in Sources */,
				00DA131119F4E94700F27E25 /* NotesTool.m in Sources */,
			);
			runOnlyForDeploymentPostprocessing = 0;
		};
		004BE65619B2DDC8002CD995 /* Sources */ = {
			isa = PBXSourcesBuildPhase;
			buildActionMask = 2147483647;
			files = (
				004BE66919B2DDC8002CD995 /* GrooveTests.m in Sources */,
			);
			runOnlyForDeploymentPostprocessing = 0;
		};
/* End PBXSourcesBuildPhase section */

/* Begin PBXTargetDependency section */
		004BE66119B2DDC8002CD995 /* PBXTargetDependency */ = {
			isa = PBXTargetDependency;
			target = 004BE63919B2DDC7002CD995 /* Groove */;
			targetProxy = 004BE66019B2DDC8002CD995 /* PBXContainerItemProxy */;
		};
/* End PBXTargetDependency section */

/* Begin PBXVariantGroup section */
		004BE64819B2DDC7002CD995 /* InfoPlist.strings */ = {
			isa = PBXVariantGroup;
			children = (
				004BE64919B2DDC7002CD995 /* en */,
			);
			name = InfoPlist.strings;
			sourceTree = "<group>";
		};
		004BE66519B2DDC8002CD995 /* InfoPlist.strings */ = {
			isa = PBXVariantGroup;
			children = (
				004BE66619B2DDC8002CD995 /* en */,
			);
			name = InfoPlist.strings;
			sourceTree = "<group>";
		};
/* End PBXVariantGroup section */

/* Begin XCBuildConfiguration section */
		004BE66A19B2DDC8002CD995 /* Debug */ = {
			isa = XCBuildConfiguration;
			buildSettings = {
				ALWAYS_SEARCH_USER_PATHS = NO;
				CLANG_CXX_LANGUAGE_STANDARD = "gnu++0x";
				CLANG_CXX_LIBRARY = "libc++";
				CLANG_ENABLE_MODULES = YES;
				CLANG_ENABLE_OBJC_ARC = YES;
				CLANG_WARN_BOOL_CONVERSION = YES;
				CLANG_WARN_CONSTANT_CONVERSION = YES;
				CLANG_WARN_DIRECT_OBJC_ISA_USAGE = YES_ERROR;
				CLANG_WARN_EMPTY_BODY = YES;
				CLANG_WARN_ENUM_CONVERSION = YES;
				CLANG_WARN_INT_CONVERSION = YES;
				CLANG_WARN_OBJC_ROOT_CLASS = YES_ERROR;
				CLANG_WARN__DUPLICATE_METHOD_MATCH = YES;
				"CODE_SIGN_IDENTITY[sdk=iphoneos*]" = "iPhone Developer";
				COPY_PHASE_STRIP = NO;
				GCC_C_LANGUAGE_STANDARD = gnu99;
				GCC_DYNAMIC_NO_PIC = NO;
				GCC_OPTIMIZATION_LEVEL = 0;
				GCC_PREPROCESSOR_DEFINITIONS = (
					"DEBUG=1",
					"$(inherited)",
				);
				GCC_SYMBOLS_PRIVATE_EXTERN = NO;
				GCC_WARN_64_TO_32_BIT_CONVERSION = YES;
				GCC_WARN_ABOUT_RETURN_TYPE = YES_ERROR;
				GCC_WARN_UNDECLARED_SELECTOR = YES;
				GCC_WARN_UNINITIALIZED_AUTOS = YES_AGGRESSIVE;
				GCC_WARN_UNUSED_FUNCTION = YES;
				GCC_WARN_UNUSED_VARIABLE = YES;
				IPHONEOS_DEPLOYMENT_TARGET = 7.1;
				ONLY_ACTIVE_ARCH = YES;
				SDKROOT = iphoneos;
				TARGETED_DEVICE_FAMILY = "1,2";
			};
			name = Debug;
		};
		004BE66B19B2DDC8002CD995 /* Release */ = {
			isa = XCBuildConfiguration;
			buildSettings = {
				ALWAYS_SEARCH_USER_PATHS = NO;
				CLANG_CXX_LANGUAGE_STANDARD = "gnu++0x";
				CLANG_CXX_LIBRARY = "libc++";
				CLANG_ENABLE_MODULES = YES;
				CLANG_ENABLE_OBJC_ARC = YES;
				CLANG_WARN_BOOL_CONVERSION = YES;
				CLANG_WARN_CONSTANT_CONVERSION = YES;
				CLANG_WARN_DIRECT_OBJC_ISA_USAGE = YES_ERROR;
				CLANG_WARN_EMPTY_BODY = YES;
				CLANG_WARN_ENUM_CONVERSION = YES;
				CLANG_WARN_INT_CONVERSION = YES;
				CLANG_WARN_OBJC_ROOT_CLASS = YES_ERROR;
				CLANG_WARN__DUPLICATE_METHOD_MATCH = YES;
				"CODE_SIGN_IDENTITY[sdk=iphoneos*]" = "iPhone Developer";
				COPY_PHASE_STRIP = YES;
				ENABLE_NS_ASSERTIONS = NO;
				GCC_C_LANGUAGE_STANDARD = gnu99;
				GCC_WARN_64_TO_32_BIT_CONVERSION = YES;
				GCC_WARN_ABOUT_RETURN_TYPE = YES_ERROR;
				GCC_WARN_UNDECLARED_SELECTOR = YES;
				GCC_WARN_UNINITIALIZED_AUTOS = YES_AGGRESSIVE;
				GCC_WARN_UNUSED_FUNCTION = YES;
				GCC_WARN_UNUSED_VARIABLE = YES;
				IPHONEOS_DEPLOYMENT_TARGET = 7.1;
				ONLY_ACTIVE_ARCH = YES;
				SDKROOT = iphoneos;
				TARGETED_DEVICE_FAMILY = "1,2";
				VALIDATE_PRODUCT = YES;
			};
			name = Release;
		};
		004BE66D19B2DDC8002CD995 /* Debug */ = {
			isa = XCBuildConfiguration;
			buildSettings = {
				ASSETCATALOG_COMPILER_APPICON_NAME = AppIcon;
				ASSETCATALOG_COMPILER_LAUNCHIMAGE_NAME = LaunchImage;
				CLANG_ENABLE_MODULES = YES;
				CODE_SIGN_IDENTITY = "iPhone Developer";
				GCC_PRECOMPILE_PREFIX_HEADER = YES;
				GCC_PREFIX_HEADER = "Groove/Groove-Prefix.pch";
				INFOPLIST_FILE = "Groove/Groove-Info.plist";
				IPHONEOS_DEPLOYMENT_TARGET = 7.1;
				LD_RUNPATH_SEARCH_PATHS = "$(inherited) @executable_path/Frameworks";
				PRODUCT_NAME = "$(TARGET_NAME)";
				SWIFT_OBJC_BRIDGING_HEADER = "Groove/Groove-Bridging-Header.h";
				SWIFT_OPTIMIZATION_LEVEL = "-Onone";
				TARGETED_DEVICE_FAMILY = 1;
				WRAPPER_EXTENSION = app;
			};
			name = Debug;
		};
		004BE66E19B2DDC8002CD995 /* Release */ = {
			isa = XCBuildConfiguration;
			buildSettings = {
				ASSETCATALOG_COMPILER_APPICON_NAME = AppIcon;
				ASSETCATALOG_COMPILER_LAUNCHIMAGE_NAME = LaunchImage;
				CLANG_ENABLE_MODULES = YES;
				CODE_SIGN_IDENTITY = "iPhone Developer";
				GCC_PRECOMPILE_PREFIX_HEADER = YES;
				GCC_PREFIX_HEADER = "Groove/Groove-Prefix.pch";
				INFOPLIST_FILE = "Groove/Groove-Info.plist";
				IPHONEOS_DEPLOYMENT_TARGET = 7.1;
				LD_RUNPATH_SEARCH_PATHS = "$(inherited) @executable_path/Frameworks";
				PRODUCT_NAME = "$(TARGET_NAME)";
				SWIFT_OBJC_BRIDGING_HEADER = "Groove/Groove-Bridging-Header.h";
				TARGETED_DEVICE_FAMILY = 1;
				WRAPPER_EXTENSION = app;
			};
			name = Release;
		};
		004BE67019B2DDC8002CD995 /* Debug */ = {
			isa = XCBuildConfiguration;
			buildSettings = {
				BUNDLE_LOADER = "$(BUILT_PRODUCTS_DIR)/Groove.app/Groove";
				FRAMEWORK_SEARCH_PATHS = (
					"$(SDKROOT)/Developer/Library/Frameworks",
					"$(inherited)",
					"$(DEVELOPER_FRAMEWORKS_DIR)",
				);
				GCC_PRECOMPILE_PREFIX_HEADER = YES;
				GCC_PREFIX_HEADER = "Groove/Groove-Prefix.pch";
				GCC_PREPROCESSOR_DEFINITIONS = (
					"DEBUG=1",
					"$(inherited)",
				);
				INFOPLIST_FILE = "GrooveTests/GrooveTests-Info.plist";
				PRODUCT_NAME = "$(TARGET_NAME)";
				TEST_HOST = "$(BUNDLE_LOADER)";
				WRAPPER_EXTENSION = xctest;
			};
			name = Debug;
		};
		004BE67119B2DDC8002CD995 /* Release */ = {
			isa = XCBuildConfiguration;
			buildSettings = {
				BUNDLE_LOADER = "$(BUILT_PRODUCTS_DIR)/Groove.app/Groove";
				FRAMEWORK_SEARCH_PATHS = (
					"$(SDKROOT)/Developer/Library/Frameworks",
					"$(inherited)",
					"$(DEVELOPER_FRAMEWORKS_DIR)",
				);
				GCC_PRECOMPILE_PREFIX_HEADER = YES;
				GCC_PREFIX_HEADER = "Groove/Groove-Prefix.pch";
				INFOPLIST_FILE = "GrooveTests/GrooveTests-Info.plist";
				PRODUCT_NAME = "$(TARGET_NAME)";
				TEST_HOST = "$(BUNDLE_LOADER)";
				WRAPPER_EXTENSION = xctest;
			};
			name = Release;
		};
/* End XCBuildConfiguration section */

/* Begin XCConfigurationList section */
		004BE63519B2DDC7002CD995 /* Build configuration list for PBXProject "Groove" */ = {
			isa = XCConfigurationList;
			buildConfigurations = (
				004BE66A19B2DDC8002CD995 /* Debug */,
				004BE66B19B2DDC8002CD995 /* Release */,
			);
			defaultConfigurationIsVisible = 0;
			defaultConfigurationName = Release;
		};
		004BE66C19B2DDC8002CD995 /* Build configuration list for PBXNativeTarget "Groove" */ = {
			isa = XCConfigurationList;
			buildConfigurations = (
				004BE66D19B2DDC8002CD995 /* Debug */,
				004BE66E19B2DDC8002CD995 /* Release */,
			);
			defaultConfigurationIsVisible = 0;
			defaultConfigurationName = Release;
		};
		004BE66F19B2DDC8002CD995 /* Build configuration list for PBXNativeTarget "GrooveTests" */ = {
			isa = XCConfigurationList;
			buildConfigurations = (
				004BE67019B2DDC8002CD995 /* Debug */,
				004BE67119B2DDC8002CD995 /* Release */,
			);
			defaultConfigurationIsVisible = 0;
			defaultConfigurationName = Release;
		};
/* End XCConfigurationList section */

/* Begin XCVersionGroup section */
		001B2B2B19D3CA0C0057A22E /* Groove.xcdatamodeld */ = {
			isa = XCVersionGroup;
			children = (
				001B2B2C19D3CA0C0057A22E /* Groove.xcdatamodel */,
			);
			currentVersion = 001B2B2C19D3CA0C0057A22E /* Groove.xcdatamodel */;
			path = Groove.xcdatamodeld;
			sourceTree = "<group>";
			versionGroupType = wrapper.xcdatamodel;
		};
/* End XCVersionGroup section */
	};
	rootObject = 004BE63219B2DDC7002CD995 /* Project object */;
}
